
Microsoft Visual Studio Solution File, Format Version 12.00
# Visual Studio Version 17
VisualStudioVersion = 17.14.36301.6 d17.14
MinimumVisualStudioVersion = 10.0.40219.1
Project("{FAE04EC0-301F-11D3-BF4B-00C04F79EFBC}") = "StajyerProject.Api", "StajyerProject.Api\StajyerProject.Api.csproj", "{82C8C457-43DD-4CB8-A469-9E13F00E0EB8}"
EndProject
Project("{FAE04EC0-301F-11D3-BF4B-00C04F79EFBC}") = "StajyerProject.Core", "StajyerProject.Core\StajyerProject.Core.csproj", "{D873186F-0E33-4A83-A056-32750AAC1776}"
EndProject
Project("{FAE04EC0-301F-11D3-BF4B-00C04F79EFBC}") = "StajyerProject.Data", "StajyerProject.Data\StajyerProject.Data.csproj", "{6AA33285-916F-4B47-9F36-A566E1F74BBB}"
EndProject
Project("{FAE04EC0-301F-11D3-BF4B-00C04F79EFBC}") = "StajyerProject.Service", "StajyerProject.Service\StajyerProject.Service.csproj", "{45B964F6-5B89-4FFD-95C7-DCC31FE592DF}"
EndProject
Project("{FAE04EC0-301F-11D3-BF4B-00C04F79EFBC}") = "StajyerProject.WebUI", "StajyerProject.WebUI\StajyerProject.WebUI.csproj", "{73789470-4427-4A18-80C4-A0FF8F019B48}"
EndProject
Global
	GlobalSection(SolutionConfigurationPlatforms) = preSolution
		Debug|Any CPU = Debug|Any CPU
		Release|Any CPU = Release|Any CPU
	EndGlobalSection
	GlobalSection(ProjectConfigurationPlatforms) = postSolution
		{82C8C457-43DD-4CB8-A469-9E13F00E0EB8}.Debug|Any CPU.ActiveCfg = Debug|Any CPU
		{82C8C457-43DD-4CB8-A469-9E13F00E0EB8}.Debug|Any CPU.Build.0 = Debug|Any CPU
		{82C8C457-43DD-4CB8-A469-9E13F00E0EB8}.Release|Any CPU.ActiveCfg = Release|Any CPU
		{82C8C457-43DD-4CB8-A469-9E13F00E0EB8}.Release|Any CPU.Build.0 = Release|Any CPU
		{D873186F-0E33-4A83-A056-32750AAC1776}.Debug|Any CPU.ActiveCfg = Debug|Any CPU
		{D873186F-0E33-4A83-A056-32750AAC1776}.Debug|Any CPU.Build.0 = Debug|Any CPU
		{D873186F-0E33-4A83-A056-32750AAC1776}.Release|Any CPU.ActiveCfg = Release|Any CPU
		{D873186F-0E33-4A83-A056-32750AAC1776}.Release|Any CPU.Build.0 = Release|Any CPU
		{6AA33285-916F-4B47-9F36-A566E1F74BBB}.Debug|Any CPU.ActiveCfg = Debug|Any CPU
		{6AA33285-916F-4B47-9F36-A566E1F74BBB}.Debug|Any CPU.Build.0 = Debug|Any CPU
		{6AA33285-916F-4B47-9F36-A566E1F74BBB}.Release|Any CPU.ActiveCfg = Release|Any CPU
		{6AA33285-916F-4B47-9F36-A566E1F74BBB}.Release|Any CPU.Build.0 = Release|Any CPU
		{45B964F6-5B89-4FFD-95C7-DCC31FE592DF}.Debug|Any CPU.ActiveCfg = Debug|Any CPU
		{45B964F6-5B89-4FFD-95C7-DCC31FE592DF}.Debug|Any CPU.Build.0 = Debug|Any CPU
		{45B964F6-5B89-4FFD-95C7-DCC31FE592DF}.Release|Any CPU.ActiveCfg = Release|Any CPU
		{45B964F6-5B89-4FFD-95C7-DCC31FE592DF}.Release|Any CPU.Build.0 = Release|Any CPU
		{73789470-4427-4A18-80C4-A0FF8F019B48}.Debug|Any CPU.ActiveCfg = Debug|Any CPU
		{73789470-4427-4A18-80C4-A0FF8F019B48}.Debug|Any CPU.Build.0 = Debug|Any CPU
		{73789470-4427-4A18-80C4-A0FF8F019B48}.Release|Any CPU.ActiveCfg = Release|Any CPU
		{73789470-4427-4A18-80C4-A0FF8F019B48}.Release|Any CPU.Build.0 = Release|Any CPU
	EndGlobalSection
	GlobalSection(SolutionProperties) = preSolution
		HideSolutionNode = FALSE
	EndGlobalSection
	GlobalSection(ExtensibilityGlobals) = postSolution
		SolutionGuid = {704A7E1D-4872-4B8E-8612-C56FC9DC73D2}
	EndGlobalSection
EndGlobal
